
Microsoft Visual Studio Solution File, Format Version 12.00
# Visual Studio Version 17
VisualStudioVersion = 17.0.32112.339
MinimumVisualStudioVersion = 10.0.40219.1
Project("{8BC9CEB8-8B4A-11D0-8D11-00A0C91BC942}") = "Lesson51", "Lesson51\Lesson51.vcxproj", "{6FF24E1B-2018-4141-8351-2B17612BBC16}"
EndProject
Project("{8BC9CEB8-8B4A-11D0-8D11-00A0C91BC942}") = "Task01", "Task01\Task01.vcxproj", "{FDEC1AE7-4ADB-4BEB-B3B8-EC6FD125F6FC}"
EndProject
Global
	GlobalSection(SolutionConfigurationPlatforms) = preSolution
		Debug|x64 = Debug|x64
		Debug|x86 = Debug|x86
		Release|x64 = Release|x64
		Release|x86 = Release|x86
	EndGlobalSection
	GlobalSection(ProjectConfigurationPlatforms) = postSolution
		{6FF24E1B-2018-4141-8351-2B17612BBC16}.Debug|x64.ActiveCfg = Debug|x64
		{6FF24E1B-2018-4141-8351-2B17612BBC16}.Debug|x64.Build.0 = Debug|x64
		{6FF24E1B-2018-4141-8351-2B17612BBC16}.Debug|x86.ActiveCfg = Debug|Win32
		{6FF24E1B-2018-4141-8351-2B17612BBC16}.Debug|x86.Build.0 = Debug|Win32
		{6FF24E1B-2018-4141-8351-2B17612BBC16}.Release|x64.ActiveCfg = Release|x64
		{6FF24E1B-2018-4141-8351-2B17612BBC16}.Release|x64.Build.0 = Release|x64
		{6FF24E1B-2018-4141-8351-2B17612BBC16}.Release|x86.ActiveCfg = Release|Win32
		{6FF24E1B-2018-4141-8351-2B17612BBC16}.Release|x86.Build.0 = Release|Win32
		{FDEC1AE7-4ADB-4BEB-B3B8-EC6FD125F6FC}.Debug|x64.ActiveCfg = Debug|x64
		{FDEC1AE7-4ADB-4BEB-B3B8-EC6FD125F6FC}.Debug|x64.Build.0 = Debug|x64
		{FDEC1AE7-4ADB-4BEB-B3B8-EC6FD125F6FC}.Debug|x86.ActiveCfg = Debug|Win32
		{FDEC1AE7-4ADB-4BEB-B3B8-EC6FD125F6FC}.Debug|x86.Build.0 = Debug|Win32
		{FDEC1AE7-4ADB-4BEB-B3B8-EC6FD125F6FC}.Release|x64.ActiveCfg = Release|x64
		{FDEC1AE7-4ADB-4BEB-B3B8-EC6FD125F6FC}.Release|x64.Build.0 = Release|x64
		{FDEC1AE7-4ADB-4BEB-B3B8-EC6FD125F6FC}.Release|x86.ActiveCfg = Release|Win32
		{FDEC1AE7-4ADB-4BEB-B3B8-EC6FD125F6FC}.Release|x86.Build.0 = Release|Win32
	EndGlobalSection
	GlobalSection(SolutionProperties) = preSolution
		HideSolutionNode = FALSE
	EndGlobalSection
	GlobalSection(ExtensibilityGlobals) = postSolution
		SolutionGuid = {F329B8AD-B912-48E2-8FC9-0BFCD9AFD428}
	EndGlobalSection
EndGlobal
